
Microsoft Visual Studio Solution File, Format Version 12.00
Project("{FAE04EC0-301F-11D3-BF4B-00C04F79EFBC}") = "Lab2", "Lab2\Lab2.csproj", "{73939362-0B02-4B4A-BC36-B646270E9B81}"
EndProject
Project("{FAE04EC0-301F-11D3-BF4B-00C04F79EFBC}") = "Lab2Test", "Lab2Test\Lab2Test.csproj", "{1C185868-63D0-4F77-95F9-6312DB9C394C}"
EndProject
Global
	GlobalSection(SolutionConfigurationPlatforms) = preSolution
		Debug|Any CPU = Debug|Any CPU
		Release|Any CPU = Release|Any CPU
	EndGlobalSection
	GlobalSection(ProjectConfigurationPlatforms) = postSolution
		{73939362-0B02-4B4A-BC36-B646270E9B81}.Debug|Any CPU.ActiveCfg = Debug|Any CPU
		{73939362-0B02-4B4A-BC36-B646270E9B81}.Debug|Any CPU.Build.0 = Debug|Any CPU
		{73939362-0B02-4B4A-BC36-B646270E9B81}.Release|Any CPU.ActiveCfg = Release|Any CPU
		{73939362-0B02-4B4A-BC36-B646270E9B81}.Release|Any CPU.Build.0 = Release|Any CPU
		{1C185868-63D0-4F77-95F9-6312DB9C394C}.Debug|Any CPU.ActiveCfg = Debug|Any CPU
		{1C185868-63D0-4F77-95F9-6312DB9C394C}.Debug|Any CPU.Build.0 = Debug|Any CPU
		{1C185868-63D0-4F77-95F9-6312DB9C394C}.Release|Any CPU.ActiveCfg = Release|Any CPU
		{1C185868-63D0-4F77-95F9-6312DB9C394C}.Release|Any CPU.Build.0 = Release|Any CPU
	EndGlobalSection
EndGlobal
